
Microsoft Visual Studio Solution File, Format Version 12.00
# Visual Studio Version 17
VisualStudioVersion = 17.4.33122.133
MinimumVisualStudioVersion = 10.0.40219.1
Project("{FAE04EC0-301F-11D3-BF4B-00C04F79EFBC}") = "StoreMgmt", "StoreMgmt.csproj", "{171B059B-C055-44A2-8752-309CE27FFB3C}"
EndProject
Global
	GlobalSection(SolutionConfigurationPlatforms) = preSolution
		Debug|Any CPU = Debug|Any CPU
		Release|Any CPU = Release|Any CPU
	EndGlobalSection
	GlobalSection(ProjectConfigurationPlatforms) = postSolution
		{171B059B-C055-44A2-8752-309CE27FFB3C}.Debug|Any CPU.ActiveCfg = Debug|Any CPU
		{171B059B-C055-44A2-8752-309CE27FFB3C}.Debug|Any CPU.Build.0 = Debug|Any CPU
		{171B059B-C055-44A2-8752-309CE27FFB3C}.Release|Any CPU.ActiveCfg = Release|Any CPU
		{171B059B-C055-44A2-8752-309CE27FFB3C}.Release|Any CPU.Build.0 = Release|Any CPU
	EndGlobalSection
	GlobalSection(SolutionProperties) = preSolution
		HideSolutionNode = FALSE
	EndGlobalSection
	GlobalSection(ExtensibilityGlobals) = postSolution
		SolutionGuid = {CDF11C1E-18D3-4CA3-8B21-29CB7B179722}
	EndGlobalSection
EndGlobal
